
Microsoft Visual Studio Solution File, Format Version 12.00
# Visual Studio Version 16
VisualStudioVersion = 16.0.30523.141
MinimumVisualStudioVersion = 10.0.40219.1
Project("{888888A0-9F3D-457C-B088-3A5042F75D52}") = "rpg fixed", "rpg fixed\rpg fixed.pyproj", "{EBFE7A42-BD3B-4BDE-9722-7401085C32F5}"
EndProject
Global
	GlobalSection(SolutionConfigurationPlatforms) = preSolution
		Debug|Any CPU = Debug|Any CPU
		Release|Any CPU = Release|Any CPU
	EndGlobalSection
	GlobalSection(ProjectConfigurationPlatforms) = postSolution
		{EBFE7A42-BD3B-4BDE-9722-7401085C32F5}.Debug|Any CPU.ActiveCfg = Debug|Any CPU
		{EBFE7A42-BD3B-4BDE-9722-7401085C32F5}.Release|Any CPU.ActiveCfg = Release|Any CPU
	EndGlobalSection
	GlobalSection(SolutionProperties) = preSolution
		HideSolutionNode = FALSE
	EndGlobalSection
	GlobalSection(ExtensibilityGlobals) = postSolution
		SolutionGuid = {CC582659-20A7-42F0-A499-9444C2B39950}
	EndGlobalSection
EndGlobal
